
Microsoft Visual Studio Solution File, Format Version 12.00
# Visual Studio Version 17
VisualStudioVersion = 17.14.36908.2
MinimumVisualStudioVersion = 10.0.40219.1
Project("{8BC9CEB8-8B4A-11D0-8D11-00A0C91BC942}") = "Socket_Project", "Socket_Project\Socket_Project.vcxproj", "{A891413A-8CAA-4EB0-A36D-F043D56F416F}"
EndProject
Project("{8BC9CEB8-8B4A-11D0-8D11-00A0C91BC942}") = "Project_Client", "Project_Client\Project_Client.vcxproj", "{05B1E303-4955-4106-8748-850B4259147D}"
EndProject
Global
	GlobalSection(SolutionConfigurationPlatforms) = preSolution
		Debug|x64 = Debug|x64
		Debug|x86 = Debug|x86
		Release|x64 = Release|x64
		Release|x86 = Release|x86
	EndGlobalSection
	GlobalSection(ProjectConfigurationPlatforms) = postSolution
		{A891413A-8CAA-4EB0-A36D-F043D56F416F}.Debug|x64.ActiveCfg = Debug|x64
		{A891413A-8CAA-4EB0-A36D-F043D56F416F}.Debug|x64.Build.0 = Debug|x64
		{A891413A-8CAA-4EB0-A36D-F043D56F416F}.Debug|x86.ActiveCfg = Debug|Win32
		{A891413A-8CAA-4EB0-A36D-F043D56F416F}.Debug|x86.Build.0 = Debug|Win32
		{A891413A-8CAA-4EB0-A36D-F043D56F416F}.Release|x64.ActiveCfg = Release|x64
		{A891413A-8CAA-4EB0-A36D-F043D56F416F}.Release|x64.Build.0 = Release|x64
		{A891413A-8CAA-4EB0-A36D-F043D56F416F}.Release|x86.ActiveCfg = Release|Win32
		{A891413A-8CAA-4EB0-A36D-F043D56F416F}.Release|x86.Build.0 = Release|Win32
		{05B1E303-4955-4106-8748-850B4259147D}.Debug|x64.ActiveCfg = Debug|x64
		{05B1E303-4955-4106-8748-850B4259147D}.Debug|x64.Build.0 = Debug|x64
		{05B1E303-4955-4106-8748-850B4259147D}.Debug|x86.ActiveCfg = Debug|Win32
		{05B1E303-4955-4106-8748-850B4259147D}.Debug|x86.Build.0 = Debug|Win32
		{05B1E303-4955-4106-8748-850B4259147D}.Release|x64.ActiveCfg = Release|x64
		{05B1E303-4955-4106-8748-850B4259147D}.Release|x64.Build.0 = Release|x64
		{05B1E303-4955-4106-8748-850B4259147D}.Release|x86.ActiveCfg = Release|Win32
		{05B1E303-4955-4106-8748-850B4259147D}.Release|x86.Build.0 = Release|Win32
	EndGlobalSection
	GlobalSection(SolutionProperties) = preSolution
		HideSolutionNode = FALSE
	EndGlobalSection
	GlobalSection(ExtensibilityGlobals) = postSolution
		SolutionGuid = {B63D71AE-A3AA-4C9E-8124-0D262B497815}
	EndGlobalSection
EndGlobal
